
Microsoft Visual Studio Solution File, Format Version 12.00
# Visual Studio Version 16
VisualStudioVersion = 16.0.30717.126
MinimumVisualStudioVersion = 10.0.40219.1
Project("{FAE04EC0-301F-11D3-BF4B-00C04F79EFBC}") = "MyDictionary", "MyDictionary\MyDictionary.csproj", "{B1A529AC-262A-43E5-AE0D-EA3B18ECF380}"
EndProject
Global
	GlobalSection(SolutionConfigurationPlatforms) = preSolution
		Debug|Any CPU = Debug|Any CPU
		Release|Any CPU = Release|Any CPU
	EndGlobalSection
	GlobalSection(ProjectConfigurationPlatforms) = postSolution
		{B1A529AC-262A-43E5-AE0D-EA3B18ECF380}.Debug|Any CPU.ActiveCfg = Debug|Any CPU
		{B1A529AC-262A-43E5-AE0D-EA3B18ECF380}.Debug|Any CPU.Build.0 = Debug|Any CPU
		{B1A529AC-262A-43E5-AE0D-EA3B18ECF380}.Release|Any CPU.ActiveCfg = Release|Any CPU
		{B1A529AC-262A-43E5-AE0D-EA3B18ECF380}.Release|Any CPU.Build.0 = Release|Any CPU
	EndGlobalSection
	GlobalSection(SolutionProperties) = preSolution
		HideSolutionNode = FALSE
	EndGlobalSection
	GlobalSection(ExtensibilityGlobals) = postSolution
		SolutionGuid = {54162C6E-69AE-4D0E-A16C-362DEB643ABF}
	EndGlobalSection
EndGlobal
